
Microsoft Visual Studio Solution File, Format Version 12.00
# Visual Studio Version 17
VisualStudioVersion = 17.7.34018.315
MinimumVisualStudioVersion = 10.0.40219.1
Project("{FAE04EC0-301F-11D3-BF4B-00C04F79EFBC}") = "U22552792-HW03", "U22552792-HW03\U22552792-HW03.csproj", "{C987CB52-DC40-4C58-8FAA-7DD5786CBCAD}"
EndProject
Global
	GlobalSection(SolutionConfigurationPlatforms) = preSolution
		Debug|Any CPU = Debug|Any CPU
		Release|Any CPU = Release|Any CPU
	EndGlobalSection
	GlobalSection(ProjectConfigurationPlatforms) = postSolution
		{C987CB52-DC40-4C58-8FAA-7DD5786CBCAD}.Debug|Any CPU.ActiveCfg = Debug|Any CPU
		{C987CB52-DC40-4C58-8FAA-7DD5786CBCAD}.Debug|Any CPU.Build.0 = Debug|Any CPU
		{C987CB52-DC40-4C58-8FAA-7DD5786CBCAD}.Release|Any CPU.ActiveCfg = Release|Any CPU
		{C987CB52-DC40-4C58-8FAA-7DD5786CBCAD}.Release|Any CPU.Build.0 = Release|Any CPU
	EndGlobalSection
	GlobalSection(SolutionProperties) = preSolution
		HideSolutionNode = FALSE
	EndGlobalSection
	GlobalSection(ExtensibilityGlobals) = postSolution
		SolutionGuid = {01A57202-8EC2-4F34-907B-FD169BBA4894}
	EndGlobalSection
EndGlobal
